
Microsoft Visual Studio Solution File, Format Version 12.00
# Visual Studio 15
VisualStudioVersion = 15.0.27428.2037
MinimumVisualStudioVersion = 10.0.40219.1
Project("{FAE04EC0-301F-11D3-BF4B-00C04F79EFBC}") = "Döngüler_For_5", "Döngüler_For_5\Döngüler_For_5.csproj", "{6A78ED74-2F7B-4BA8-9BD3-B62FFF6BB198}"
EndProject
Global
	GlobalSection(SolutionConfigurationPlatforms) = preSolution
		Debug|Any CPU = Debug|Any CPU
		Release|Any CPU = Release|Any CPU
	EndGlobalSection
	GlobalSection(ProjectConfigurationPlatforms) = postSolution
		{6A78ED74-2F7B-4BA8-9BD3-B62FFF6BB198}.Debug|Any CPU.ActiveCfg = Debug|Any CPU
		{6A78ED74-2F7B-4BA8-9BD3-B62FFF6BB198}.Debug|Any CPU.Build.0 = Debug|Any CPU
		{6A78ED74-2F7B-4BA8-9BD3-B62FFF6BB198}.Release|Any CPU.ActiveCfg = Release|Any CPU
		{6A78ED74-2F7B-4BA8-9BD3-B62FFF6BB198}.Release|Any CPU.Build.0 = Release|Any CPU
	EndGlobalSection
	GlobalSection(SolutionProperties) = preSolution
		HideSolutionNode = FALSE
	EndGlobalSection
	GlobalSection(ExtensibilityGlobals) = postSolution
		SolutionGuid = {D25E78BC-774E-4ADC-AA79-F0CEC32D124C}
	EndGlobalSection
EndGlobal
